// !$*UTF8*$!
{
	archiveVersion = 1;
	classes = {
	};
	objectVersion = 46;
	objects = {

/* Begin PBXBuildFile section */
		632831A61CD684D300CAC50B /* SettingsViewController.swift in Sources */ = {isa = PBXBuildFile; fileRef = 632831A51CD684D300CAC50B /* SettingsViewController.swift */; };
		63501B241CD67FF700782982 /* Reachability.swift in Sources */ = {isa = PBXBuildFile; fileRef = 63501B231CD67FF700782982 /* Reachability.swift */; };
		638C1F9D1C3DA89E0013488B /* QuoteData.swift in Sources */ = {isa = PBXBuildFile; fileRef = 638C1F9C1C3DA89E0013488B /* QuoteData.swift */; };
		638C1F9F1C3DAD430013488B /* QuoteTableViewCell.swift in Sources */ = {isa = PBXBuildFile; fileRef = 638C1F9E1C3DAD430013488B /* QuoteTableViewCell.swift */; };
		638C1FA11C3DB0A20013488B /* QuoteTableViewController.swift in Sources */ = {isa = PBXBuildFile; fileRef = 638C1FA01C3DB0A20013488B /* QuoteTableViewController.swift */; };
		63A4AF421BCD787A00D7EFB9 /* AppDelegate.swift in Sources */ = {isa = PBXBuildFile; fileRef = 63A4AF411BCD787A00D7EFB9 /* AppDelegate.swift */; };
		63A4AF441BCD787A00D7EFB9 /* FirstViewController.swift in Sources */ = {isa = PBXBuildFile; fileRef = 63A4AF431BCD787A00D7EFB9 /* FirstViewController.swift */; };
		63A4AF461BCD787A00D7EFB9 /* SecondViewController.swift in Sources */ = {isa = PBXBuildFile; fileRef = 63A4AF451BCD787A00D7EFB9 /* SecondViewController.swift */; };
		63A4AF491BCD787A00D7EFB9 /* Main.storyboard in Resources */ = {isa = PBXBuildFile; fileRef = 63A4AF471BCD787A00D7EFB9 /* Main.storyboard */; };
		63A4AF4B1BCD787A00D7EFB9 /* Assets.xcassets in Resources */ = {isa = PBXBuildFile; fileRef = 63A4AF4A1BCD787A00D7EFB9 /* Assets.xcassets */; };
		63A4AF4E1BCD787A00D7EFB9 /* LaunchScreen.storyboard in Resources */ = {isa = PBXBuildFile; fileRef = 63A4AF4C1BCD787A00D7EFB9 /* LaunchScreen.storyboard */; };
		63A4AF591BCD787A00D7EFB9 /* QuotaminTests.swift in Sources */ = {isa = PBXBuildFile; fileRef = 63A4AF581BCD787A00D7EFB9 /* QuotaminTests.swift */; };
		63A4AF641BCD787A00D7EFB9 /* QuotaminUITests.swift in Sources */ = {isa = PBXBuildFile; fileRef = 63A4AF631BCD787A00D7EFB9 /* QuotaminUITests.swift */; };
		8FEBFD84EC22DC2963A222C2 /* Pods_Quotamin.framework in Frameworks */ = {isa = PBXBuildFile; fileRef = 01B65EE320AE25F9CDE2D3E7 /* Pods_Quotamin.framework */; };
/* End PBXBuildFile section */

/* Begin PBXContainerItemProxy section */
		63A4AF551BCD787A00D7EFB9 /* PBXContainerItemProxy */ = {
			isa = PBXContainerItemProxy;
			containerPortal = 63A4AF361BCD787A00D7EFB9 /* Project object */;
			proxyType = 1;
			remoteGlobalIDString = 63A4AF3D1BCD787A00D7EFB9;
			remoteInfo = Quotamin;
		};
		63A4AF601BCD787A00D7EFB9 /* PBXContainerItemProxy */ = {
			isa = PBXContainerItemProxy;
			containerPortal = 63A4AF361BCD787A00D7EFB9 /* Project object */;
			proxyType = 1;
			remoteGlobalIDString = 63A4AF3D1BCD787A00D7EFB9;
			remoteInfo = Quotamin;
		};
/* End PBXContainerItemProxy section */

/* Begin PBXFileReference section */
		01B65EE320AE25F9CDE2D3E7 /* Pods_Quotamin.framework */ = {isa = PBXFileReference; explicitFileType = wrapper.framework; includeInIndex = 0; path = Pods_Quotamin.framework; sourceTree = BUILT_PRODUCTS_DIR; };
		632831A51CD684D300CAC50B /* SettingsViewController.swift */ = {isa = PBXFileReference; fileEncoding = 4; lastKnownFileType = sourcecode.swift; path = SettingsViewController.swift; sourceTree = "<group>"; };
		63501B231CD67FF700782982 /* Reachability.swift */ = {isa = PBXFileReference; fileEncoding = 4; lastKnownFileType = sourcecode.swift; path = Reachability.swift; sourceTree = "<group>"; };
		638C1F9C1C3DA89E0013488B /* QuoteData.swift */ = {isa = PBXFileReference; fileEncoding = 4; lastKnownFileType = sourcecode.swift; path = QuoteData.swift; sourceTree = "<group>"; };
		638C1F9E1C3DAD430013488B /* QuoteTableViewCell.swift */ = {isa = PBXFileReference; fileEncoding = 4; lastKnownFileType = sourcecode.swift; path = QuoteTableViewCell.swift; sourceTree = "<group>"; };
		638C1FA01C3DB0A20013488B /* QuoteTableViewController.swift */ = {isa = PBXFileReference; fileEncoding = 4; lastKnownFileType = sourcecode.swift; path = QuoteTableViewController.swift; sourceTree = "<group>"; };
		63A4AF3E1BCD787A00D7EFB9 /* Quotamin.app */ = {isa = PBXFileReference; explicitFileType = wrapper.application; includeInIndex = 0; path = Quotamin.app; sourceTree = BUILT_PRODUCTS_DIR; };
		63A4AF411BCD787A00D7EFB9 /* AppDelegate.swift */ = {isa = PBXFileReference; lastKnownFileType = sourcecode.swift; path = AppDelegate.swift; sourceTree = "<group>"; };
		63A4AF431BCD787A00D7EFB9 /* FirstViewController.swift */ = {isa = PBXFileReference; lastKnownFileType = sourcecode.swift; path = FirstViewController.swift; sourceTree = "<group>"; };
		63A4AF451BCD787A00D7EFB9 /* SecondViewController.swift */ = {isa = PBXFileReference; lastKnownFileType = sourcecode.swift; path = SecondViewController.swift; sourceTree = "<group>"; };
		63A4AF481BCD787A00D7EFB9 /* Base */ = {isa = PBXFileReference; lastKnownFileType = file.storyboard; name = Base; path = Base.lproj/Main.storyboard; sourceTree = "<group>"; };
		63A4AF4A1BCD787A00D7EFB9 /* Assets.xcassets */ = {isa = PBXFileReference; lastKnownFileType = folder.assetcatalog; path = Assets.xcassets; sourceTree = "<group>"; };
		63A4AF4D1BCD787A00D7EFB9 /* Base */ = {isa = PBXFileReference; lastKnownFileType = file.storyboard; name = Base; path = Base.lproj/LaunchScreen.storyboard; sourceTree = "<group>"; };
		63A4AF4F1BCD787A00D7EFB9 /* Info.plist */ = {isa = PBXFileReference; lastKnownFileType = text.plist.xml; path = Info.plist; sourceTree = "<group>"; };
		63A4AF541BCD787A00D7EFB9 /* QuotaminTests.xctest */ = {isa = PBXFileReference; explicitFileType = wrapper.cfbundle; includeInIndex = 0; path = QuotaminTests.xctest; sourceTree = BUILT_PRODUCTS_DIR; };
		63A4AF581BCD787A00D7EFB9 /* QuotaminTests.swift */ = {isa = PBXFileReference; lastKnownFileType = sourcecode.swift; path = QuotaminTests.swift; sourceTree = "<group>"; };
		63A4AF5A1BCD787A00D7EFB9 /* Info.plist */ = {isa = PBXFileReference; lastKnownFileType = text.plist.xml; path = Info.plist; sourceTree = "<group>"; };
		63A4AF5F1BCD787A00D7EFB9 /* QuotaminUITests.xctest */ = {isa = PBXFileReference; explicitFileType = wrapper.cfbundle; includeInIndex = 0; path = QuotaminUITests.xctest; sourceTree = BUILT_PRODUCTS_DIR; };
		63A4AF631BCD787A00D7EFB9 /* QuotaminUITests.swift */ = {isa = PBXFileReference; lastKnownFileType = sourcecode.swift; path = QuotaminUITests.swift; sourceTree = "<group>"; };
		63A4AF651BCD787A00D7EFB9 /* Info.plist */ = {isa = PBXFileReference; lastKnownFileType = text.plist.xml; path = Info.plist; sourceTree = "<group>"; };
		B30E63CAD97AE6DA7C0F9AA2 /* Pods-Quotamin.debug.xcconfig */ = {isa = PBXFileReference; includeInIndex = 1; lastKnownFileType = text.xcconfig; name = "Pods-Quotamin.debug.xcconfig"; path = "Pods/Target Support Files/Pods-Quotamin/Pods-Quotamin.debug.xcconfig"; sourceTree = "<group>"; };
		E485B788A23B084E08C0388D /* Pods-Quotamin.release.xcconfig */ = {isa = PBXFileReference; includeInIndex = 1; lastKnownFileType = text.xcconfig; name = "Pods-Quotamin.release.xcconfig"; path = "Pods/Target Support Files/Pods-Quotamin/Pods-Quotamin.release.xcconfig"; sourceTree = "<group>"; };
/* End PBXFileReference section */

/* Begin PBXFrameworksBuildPhase section */
		63A4AF3B1BCD787A00D7EFB9 /* Frameworks */ = {
			isa = PBXFrameworksBuildPhase;
			buildActionMask = 2147483647;
			files = (
				8FEBFD84EC22DC2963A222C2 /* Pods_Quotamin.framework in Frameworks */,
			);
			runOnlyForDeploymentPostprocessing = 0;
		};
		63A4AF511BCD787A00D7EFB9 /* Frameworks */ = {
			isa = PBXFrameworksBuildPhase;
			buildActionMask = 2147483647;
			files = (
			);
			runOnlyForDeploymentPostprocessing = 0;
		};
		63A4AF5C1BCD787A00D7EFB9 /* Frameworks */ = {
			isa = PBXFrameworksBuildPhase;
			buildActionMask = 2147483647;
			files = (
			);
			runOnlyForDeploymentPostprocessing = 0;
		};
/* End PBXFrameworksBuildPhase section */

/* Begin PBXGroup section */
		63A4AF351BCD787A00D7EFB9 = {
			isa = PBXGroup;
			children = (
				63A4AF401BCD787A00D7EFB9 /* Quotamin */,
				63A4AF571BCD787A00D7EFB9 /* QuotaminTests */,
				63A4AF621BCD787A00D7EFB9 /* QuotaminUITests */,
				63A4AF3F1BCD787A00D7EFB9 /* Products */,
				70CD456723B109C6106CEB15 /* Pods */,
				64C39210DE4673DFCD4016F1 /* Frameworks */,
			);
			sourceTree = "<group>";
		};
		63A4AF3F1BCD787A00D7EFB9 /* Products */ = {
			isa = PBXGroup;
			children = (
				63A4AF3E1BCD787A00D7EFB9 /* Quotamin.app */,
				63A4AF541BCD787A00D7EFB9 /* QuotaminTests.xctest */,
				63A4AF5F1BCD787A00D7EFB9 /* QuotaminUITests.xctest */,
			);
			name = Products;
			sourceTree = "<group>";
		};
		63A4AF401BCD787A00D7EFB9 /* Quotamin */ = {
			isa = PBXGroup;
			children = (
				63A4AF411BCD787A00D7EFB9 /* AppDelegate.swift */,
				63A4AF431BCD787A00D7EFB9 /* FirstViewController.swift */,
				63501B231CD67FF700782982 /* Reachability.swift */,
				63A4AF451BCD787A00D7EFB9 /* SecondViewController.swift */,
				638C1F9C1C3DA89E0013488B /* QuoteData.swift */,
				63A4AF471BCD787A00D7EFB9 /* Main.storyboard */,
				632831A51CD684D300CAC50B /* SettingsViewController.swift */,
				638C1FA01C3DB0A20013488B /* QuoteTableViewController.swift */,
				638C1F9E1C3DAD430013488B /* QuoteTableViewCell.swift */,
				63A4AF4A1BCD787A00D7EFB9 /* Assets.xcassets */,
				63A4AF4C1BCD787A00D7EFB9 /* LaunchScreen.storyboard */,
				63A4AF4F1BCD787A00D7EFB9 /* Info.plist */,
			);
			path = Quotamin;
			sourceTree = "<group>";
		};
		63A4AF571BCD787A00D7EFB9 /* QuotaminTests */ = {
			isa = PBXGroup;
			children = (
				63A4AF581BCD787A00D7EFB9 /* QuotaminTests.swift */,
				63A4AF5A1BCD787A00D7EFB9 /* Info.plist */,
			);
			path = QuotaminTests;
			sourceTree = "<group>";
		};
		63A4AF621BCD787A00D7EFB9 /* QuotaminUITests */ = {
			isa = PBXGroup;
			children = (
				63A4AF631BCD787A00D7EFB9 /* QuotaminUITests.swift */,
				63A4AF651BCD787A00D7EFB9 /* Info.plist */,
			);
			path = QuotaminUITests;
			sourceTree = "<group>";
		};
		64C39210DE4673DFCD4016F1 /* Frameworks */ = {
			isa = PBXGroup;
			children = (
				01B65EE320AE25F9CDE2D3E7 /* Pods_Quotamin.framework */,
			);
			name = Frameworks;
			sourceTree = "<group>";
		};
		70CD456723B109C6106CEB15 /* Pods */ = {
			isa = PBXGroup;
			children = (
				B30E63CAD97AE6DA7C0F9AA2 /* Pods-Quotamin.debug.xcconfig */,
				E485B788A23B084E08C0388D /* Pods-Quotamin.release.xcconfig */,
			);
			name = Pods;
			sourceTree = "<group>";
		};
/* End PBXGroup section */

/* Begin PBXNativeTarget section */
		63A4AF3D1BCD787A00D7EFB9 /* Quotamin */ = {
			isa = PBXNativeTarget;
			buildConfigurationList = 63A4AF681BCD787A00D7EFB9 /* Build configuration list for PBXNativeTarget "Quotamin" */;
			buildPhases = (
				1928F14A8C0E5BB31699F2ED /* Check Pods Manifest.lock */,
				63A4AF3A1BCD787A00D7EFB9 /* Sources */,
				63A4AF3B1BCD787A00D7EFB9 /* Frameworks */,
				63A4AF3C1BCD787A00D7EFB9 /* Resources */,
				DF7C75990876E48177C96CCB /* Embed Pods Frameworks */,
				20C97CFF964909FFF8E55858 /* Copy Pods Resources */,
			);
			buildRules = (
			);
			dependencies = (
			);
			name = Quotamin;
			productName = Quotamin;
			productReference = 63A4AF3E1BCD787A00D7EFB9 /* Quotamin.app */;
			productType = "com.apple.product-type.application";
		};
		63A4AF531BCD787A00D7EFB9 /* QuotaminTests */ = {
			isa = PBXNativeTarget;
			buildConfigurationList = 63A4AF6B1BCD787A00D7EFB9 /* Build configuration list for PBXNativeTarget "QuotaminTests" */;
			buildPhases = (
				63A4AF501BCD787A00D7EFB9 /* Sources */,
				63A4AF511BCD787A00D7EFB9 /* Frameworks */,
				63A4AF521BCD787A00D7EFB9 /* Resources */,
			);
			buildRules = (
			);
			dependencies = (
				63A4AF561BCD787A00D7EFB9 /* PBXTargetDependency */,
			);
			name = QuotaminTests;
			productName = QuotaminTests;
			productReference = 63A4AF541BCD787A00D7EFB9 /* QuotaminTests.xctest */;
			productType = "com.apple.product-type.bundle.unit-test";
		};
		63A4AF5E1BCD787A00D7EFB9 /* QuotaminUITests */ = {
			isa = PBXNativeTarget;
			buildConfigurationList = 63A4AF6E1BCD787A00D7EFB9 /* Build configuration list for PBXNativeTarget "QuotaminUITests" */;
			buildPhases = (
				63A4AF5B1BCD787A00D7EFB9 /* Sources */,
				63A4AF5C1BCD787A00D7EFB9 /* Frameworks */,
				63A4AF5D1BCD787A00D7EFB9 /* Resources */,
			);
			buildRules = (
			);
			dependencies = (
				63A4AF611BCD787A00D7EFB9 /* PBXTargetDependency */,
			);
			name = QuotaminUITests;
			productName = QuotaminUITests;
			productReference = 63A4AF5F1BCD787A00D7EFB9 /* QuotaminUITests.xctest */;
			productType = "com.apple.product-type.bundle.ui-testing";
		};
/* End PBXNativeTarget section */

/* Begin PBXProject section */
		63A4AF361BCD787A00D7EFB9 /* Project object */ = {
			isa = PBXProject;
			attributes = {
				LastUpgradeCheck = 0700;
				ORGANIZATIONNAME = "Vevek Selvam";
				TargetAttributes = {
					63A4AF3D1BCD787A00D7EFB9 = {
						CreatedOnToolsVersion = 7.0.1;
						DevelopmentTeam = RNBM386DE4;
					};
					63A4AF531BCD787A00D7EFB9 = {
						CreatedOnToolsVersion = 7.0.1;
						TestTargetID = 63A4AF3D1BCD787A00D7EFB9;
					};
					63A4AF5E1BCD787A00D7EFB9 = {
						CreatedOnToolsVersion = 7.0.1;
						TestTargetID = 63A4AF3D1BCD787A00D7EFB9;
					};
				};
			};
			buildConfigurationList = 63A4AF391BCD787A00D7EFB9 /* Build configuration list for PBXProject "Quotamin" */;
			compatibilityVersion = "Xcode 3.2";
			developmentRegion = English;
			hasScannedForEncodings = 0;
			knownRegions = (
				en,
				Base,
			);
			mainGroup = 63A4AF351BCD787A00D7EFB9;
			productRefGroup = 63A4AF3F1BCD787A00D7EFB9 /* Products */;
			projectDirPath = "";
			projectRoot = "";
			targets = (
				63A4AF3D1BCD787A00D7EFB9 /* Quotamin */,
				63A4AF531BCD787A00D7EFB9 /* QuotaminTests */,
				63A4AF5E1BCD787A00D7EFB9 /* QuotaminUITests */,
			);
		};
/* End PBXProject section */

/* Begin PBXResourcesBuildPhase section */
		63A4AF3C1BCD787A00D7EFB9 /* Resources */ = {
			isa = PBXResourcesBuildPhase;
			buildActionMask = 2147483647;
			files = (
				63A4AF4E1BCD787A00D7EFB9 /* LaunchScreen.storyboard in Resources */,
				63A4AF4B1BCD787A00D7EFB9 /* Assets.xcassets in Resources */,
				63A4AF491BCD787A00D7EFB9 /* Main.storyboard in Resources */,
			);
			runOnlyForDeploymentPostprocessing = 0;
		};
		63A4AF521BCD787A00D7EFB9 /* Resources */ = {
			isa = PBXResourcesBuildPhase;
			buildActionMask = 2147483647;
			files = (
			);
			runOnlyForDeploymentPostprocessing = 0;
		};
		63A4AF5D1BCD787A00D7EFB9 /* Resources */ = {
			isa = PBXResourcesBuildPhase;
			buildActionMask = 2147483647;
			files = (
			);
			runOnlyForDeploymentPostprocessing = 0;
		};
/* End PBXResourcesBuildPhase section */

/* Begin PBXShellScriptBuildPhase section */
		1928F14A8C0E5BB31699F2ED /* Check Pods Manifest.lock */ = {
			isa = PBXShellScriptBuildPhase;
			buildActionMask = 2147483647;
			files = (
			);
			inputPaths = (
			);
			name = "Check Pods Manifest.lock";
			outputPaths = (
			);
			runOnlyForDeploymentPostprocessing = 0;
			shellPath = /bin/sh;
			shellScript = "diff \"${PODS_ROOT}/../Podfile.lock\" \"${PODS_ROOT}/Manifest.lock\" > /dev/null\nif [[ $? != 0 ]] ; then\n    cat << EOM\nerror: The sandbox is not in sync with the Podfile.lock. Run 'pod install' or update your CocoaPods installation.\nEOM\n    exit 1\nfi\n";
			showEnvVarsInLog = 0;
		};
		20C97CFF964909FFF8E55858 /* Copy Pods Resources */ = {
			isa = PBXShellScriptBuildPhase;
			buildActionMask = 2147483647;
			files = (
			);
			inputPaths = (
			);
			name = "Copy Pods Resources";
			outputPaths = (
			);
			runOnlyForDeploymentPostprocessing = 0;
			shellPath = /bin/sh;
			shellScript = "\"${SRCROOT}/Pods/Target Support Files/Pods-Quotamin/Pods-Quotamin-resources.sh\"\n";
			showEnvVarsInLog = 0;
		};
		DF7C75990876E48177C96CCB /* Embed Pods Frameworks */ = {
			isa = PBXShellScriptBuildPhase;
			buildActionMask = 2147483647;
			files = (
			);
			inputPaths = (
			);
			name = "Embed Pods Frameworks";
			outputPaths = (
			);
			runOnlyForDeploymentPostprocessing = 0;
			shellPath = /bin/sh;
			shellScript = "\"${SRCROOT}/Pods/Target Support Files/Pods-Quotamin/Pods-Quotamin-frameworks.sh\"\n";
			showEnvVarsInLog = 0;
		};
/* End PBXShellScriptBuildPhase section */

/* Begin PBXSourcesBuildPhase section */
		63A4AF3A1BCD787A00D7EFB9 /* Sources */ = {
			isa = PBXSourcesBuildPhase;
			buildActionMask = 2147483647;
			files = (
				63501B241CD67FF700782982 /* Reachability.swift in Sources */,
				63A4AF461BCD787A00D7EFB9 /* SecondViewController.swift in Sources */,
				632831A61CD684D300CAC50B /* SettingsViewController.swift in Sources */,
				63A4AF421BCD787A00D7EFB9 /* AppDelegate.swift in Sources */,
				638C1F9D1C3DA89E0013488B /* QuoteData.swift in Sources */,
				63A4AF441BCD787A00D7EFB9 /* FirstViewController.swift in Sources */,
				638C1FA11C3DB0A20013488B /* QuoteTableViewController.swift in Sources */,
				638C1F9F1C3DAD430013488B /* QuoteTableViewCell.swift in Sources */,
			);
			runOnlyForDeploymentPostprocessing = 0;
		};
		63A4AF501BCD787A00D7EFB9 /* Sources */ = {
			isa = PBXSourcesBuildPhase;
			buildActionMask = 2147483647;
			files = (
				63A4AF591BCD787A00D7EFB9 /* QuotaminTests.swift in Sources */,
			);
			runOnlyForDeploymentPostprocessing = 0;
		};
		63A4AF5B1BCD787A00D7EFB9 /* Sources */ = {
			isa = PBXSourcesBuildPhase;
			buildActionMask = 2147483647;
			files = (
				63A4AF641BCD787A00D7EFB9 /* QuotaminUITests.swift in Sources */,
			);
			runOnlyForDeploymentPostprocessing = 0;
		};
/* End PBXSourcesBuildPhase section */

/* Begin PBXTargetDependency section */
		63A4AF561BCD787A00D7EFB9 /* PBXTargetDependency */ = {
			isa = PBXTargetDependency;
			target = 63A4AF3D1BCD787A00D7EFB9 /* Quotamin */;
			targetProxy = 63A4AF551BCD787A00D7EFB9 /* PBXContainerItemProxy */;
		};
		63A4AF611BCD787A00D7EFB9 /* PBXTargetDependency */ = {
			isa = PBXTargetDependency;
			target = 63A4AF3D1BCD787A00D7EFB9 /* Quotamin */;
			targetProxy = 63A4AF601BCD787A00D7EFB9 /* PBXContainerItemProxy */;
		};
/* End PBXTargetDependency section */

/* Begin PBXVariantGroup section */
		63A4AF471BCD787A00D7EFB9 /* Main.storyboard */ = {
			isa = PBXVariantGroup;
			children = (
				63A4AF481BCD787A00D7EFB9 /* Base */,
			);
			name = Main.storyboard;
			sourceTree = "<group>";
		};
		63A4AF4C1BCD787A00D7EFB9 /* LaunchScreen.storyboard */ = {
			isa = PBXVariantGroup;
			children = (
				63A4AF4D1BCD787A00D7EFB9 /* Base */,
			);
			name = LaunchScreen.storyboard;
			sourceTree = "<group>";
		};
/* End PBXVariantGroup section */

/* Begin XCBuildConfiguration section */
		63A4AF661BCD787A00D7EFB9 /* Debug */ = {
			isa = XCBuildConfiguration;
			buildSettings = {
				ALWAYS_SEARCH_USER_PATHS = NO;
				CLANG_CXX_LANGUAGE_STANDARD = "gnu++0x";
				CLANG_CXX_LIBRARY = "libc++";
				CLANG_ENABLE_MODULES = YES;
				CLANG_ENABLE_OBJC_ARC = YES;
				CLANG_WARN_BOOL_CONVERSION = YES;
				CLANG_WARN_CONSTANT_CONVERSION = YES;
				CLANG_WARN_DIRECT_OBJC_ISA_USAGE = YES_ERROR;
				CLANG_WARN_EMPTY_BODY = YES;
				CLANG_WARN_ENUM_CONVERSION = YES;
				CLANG_WARN_INT_CONVERSION = YES;
				CLANG_WARN_OBJC_ROOT_CLASS = YES_ERROR;
				CLANG_WARN_UNREACHABLE_CODE = YES;
				CLANG_WARN__DUPLICATE_METHOD_MATCH = YES;
				"CODE_SIGN_IDENTITY[sdk=iphoneos*]" = "iPhone Developer";
				COPY_PHASE_STRIP = NO;
				DEBUG_INFORMATION_FORMAT = dwarf;
				ENABLE_STRICT_OBJC_MSGSEND = YES;
				ENABLE_TESTABILITY = YES;
				GCC_C_LANGUAGE_STANDARD = gnu99;
				GCC_DYNAMIC_NO_PIC = NO;
				GCC_NO_COMMON_BLOCKS = YES;
				GCC_OPTIMIZATION_LEVEL = 0;
				GCC_PREPROCESSOR_DEFINITIONS = (
					"DEBUG=1",
					"$(inherited)",
				);
				GCC_WARN_64_TO_32_BIT_CONVERSION = YES;
				GCC_WARN_ABOUT_RETURN_TYPE = YES_ERROR;
				GCC_WARN_UNDECLARED_SELECTOR = YES;
				GCC_WARN_UNINITIALIZED_AUTOS = YES_AGGRESSIVE;
				GCC_WARN_UNUSED_FUNCTION = YES;
				GCC_WARN_UNUSED_VARIABLE = YES;
				IPHONEOS_DEPLOYMENT_TARGET = 9.0;
				MTL_ENABLE_DEBUG_INFO = YES;
				ONLY_ACTIVE_ARCH = YES;
				SDKROOT = iphoneos;
				SWIFT_OPTIMIZATION_LEVEL = "-Onone";
				TARGETED_DEVICE_FAMILY = "1,2";
			};
			name = Debug;
		};
		63A4AF671BCD787A00D7EFB9 /* Release */ = {
			isa = XCBuildConfiguration;
			buildSettings = {
				ALWAYS_SEARCH_USER_PATHS = NO;
				CLANG_CXX_LANGUAGE_STANDARD = "gnu++0x";
				CLANG_CXX_LIBRARY = "libc++";
				CLANG_ENABLE_MODULES = YES;
				CLANG_ENABLE_OBJC_ARC = YES;
				CLANG_WARN_BOOL_CONVERSION = YES;
				CLANG_WARN_CONSTANT_CONVERSION = YES;
				CLANG_WARN_DIRECT_OBJC_ISA_USAGE = YES_ERROR;
				CLANG_WARN_EMPTY_BODY = YES;
				CLANG_WARN_ENUM_CONVERSION = YES;
				CLANG_WARN_INT_CONVERSION = YES;
				CLANG_WARN_OBJC_ROOT_CLASS = YES_ERROR;
				CLANG_WARN_UNREACHABLE_CODE = YES;
				CLANG_WARN__DUPLICATE_METHOD_MATCH = YES;
				"CODE_SIGN_IDENTITY[sdk=iphoneos*]" = "iPhone Developer";
				COPY_PHASE_STRIP = NO;
				DEBUG_INFORMATION_FORMAT = "dwarf-with-dsym";
				ENABLE_NS_ASSERTIONS = NO;
				ENABLE_STRICT_OBJC_MSGSEND = YES;
				GCC_C_LANGUAGE_STANDARD = gnu99;
				GCC_NO_COMMON_BLOCKS = YES;
				GCC_WARN_64_TO_32_BIT_CONVERSION = YES;
				GCC_WARN_ABOUT_RETURN_TYPE = YES_ERROR;
				GCC_WARN_UNDECLARED_SELECTOR = YES;
				GCC_WARN_UNINITIALIZED_AUTOS = YES_AGGRESSIVE;
				GCC_WARN_UNUSED_FUNCTION = YES;
				GCC_WARN_UNUSED_VARIABLE = YES;
				IPHONEOS_DEPLOYMENT_TARGET = 9.0;
				MTL_ENABLE_DEBUG_INFO = NO;
				SDKROOT = iphoneos;
				TARGETED_DEVICE_FAMILY = "1,2";
				VALIDATE_PRODUCT = YES;
			};
			name = Release;
		};
		63A4AF691BCD787A00D7EFB9 /* Debug */ = {
			isa = XCBuildConfiguration;
			baseConfigurationReference = B30E63CAD97AE6DA7C0F9AA2 /* Pods-Quotamin.debug.xcconfig */;
			buildSettings = {
				ASSETCATALOG_COMPILER_APPICON_NAME = AppIcon;
				CODE_SIGN_IDENTITY = "iPhone Developer";
				INFOPLIST_FILE = Quotamin/Info.plist;
				IPHONEOS_DEPLOYMENT_TARGET = 8.0;
				LD_RUNPATH_SEARCH_PATHS = "$(inherited) @executable_path/Frameworks";
				PRODUCT_BUNDLE_IDENTIFIER = com.vevek.Quotamin;
				PRODUCT_NAME = "$(TARGET_NAME)";
			};
			name = Debug;
		};
		63A4AF6A1BCD787A00D7EFB9 /* Release */ = {
			isa = XCBuildConfiguration;
			baseConfigurationReference = E485B788A23B084E08C0388D /* Pods-Quotamin.release.xcconfig */;
			buildSettings = {
				ASSETCATALOG_COMPILER_APPICON_NAME = AppIcon;
				CODE_SIGN_IDENTITY = "iPhone Developer";
				INFOPLIST_FILE = Quotamin/Info.plist;
				IPHONEOS_DEPLOYMENT_TARGET = 8.0;
				LD_RUNPATH_SEARCH_PATHS = "$(inherited) @executable_path/Frameworks";
				PRODUCT_BUNDLE_IDENTIFIER = com.vevek.Quotamin;
				PRODUCT_NAME = "$(TARGET_NAME)";
			};
			name = Release;
		};
		63A4AF6C1BCD787A00D7EFB9 /* Debug */ = {
			isa = XCBuildConfiguration;
			buildSettings = {
				BUNDLE_LOADER = "$(TEST_HOST)";
				INFOPLIST_FILE = QuotaminTests/Info.plist;
				LD_RUNPATH_SEARCH_PATHS = "$(inherited) @executable_path/Frameworks @loader_path/Frameworks";
				PRODUCT_BUNDLE_IDENTIFIER = com.vevek.QuotaminTests;
				PRODUCT_NAME = "$(TARGET_NAME)";
				TEST_HOST = "$(BUILT_PRODUCTS_DIR)/Quotamin.app/Quotamin";
			};
			name = Debug;
		};
		63A4AF6D1BCD787A00D7EFB9 /* Release */ = {
			isa = XCBuildConfiguration;
			buildSettings = {
				BUNDLE_LOADER = "$(TEST_HOST)";
				INFOPLIST_FILE = QuotaminTests/Info.plist;
				LD_RUNPATH_SEARCH_PATHS = "$(inherited) @executable_path/Frameworks @loader_path/Frameworks";
				PRODUCT_BUNDLE_IDENTIFIER = com.vevek.QuotaminTests;
				PRODUCT_NAME = "$(TARGET_NAME)";
				TEST_HOST = "$(BUILT_PRODUCTS_DIR)/Quotamin.app/Quotamin";
			};
			name = Release;
		};
		63A4AF6F1BCD787A00D7EFB9 /* Debug */ = {
			isa = XCBuildConfiguration;
			buildSettings = {
				INFOPLIST_FILE = QuotaminUITests/Info.plist;
				LD_RUNPATH_SEARCH_PATHS = "$(inherited) @executable_path/Frameworks @loader_path/Frameworks";
				PRODUCT_BUNDLE_IDENTIFIER = com.vevek.QuotaminUITests;
				PRODUCT_NAME = "$(TARGET_NAME)";
				TEST_TARGET_NAME = Quotamin;
				USES_XCTRUNNER = YES;
			};
			name = Debug;
		};
		63A4AF701BCD787A00D7EFB9 /* Release */ = {
			isa = XCBuildConfiguration;
			buildSettings = {
				INFOPLIST_FILE = QuotaminUITests/Info.plist;
				LD_RUNPATH_SEARCH_PATHS = "$(inherited) @executable_path/Frameworks @loader_path/Frameworks";
				PRODUCT_BUNDLE_IDENTIFIER = com.vevek.QuotaminUITests;
				PRODUCT_NAME = "$(TARGET_NAME)";
				TEST_TARGET_NAME = Quotamin;
				USES_XCTRUNNER = YES;
			};
			name = Release;
		};
/* End XCBuildConfiguration section */

/* Begin XCConfigurationList section */
		63A4AF391BCD787A00D7EFB9 /* Build configuration list for PBXProject "Quotamin" */ = {
			isa = XCConfigurationList;
			buildConfigurations = (
				63A4AF661BCD787A00D7EFB9 /* Debug */,
				63A4AF671BCD787A00D7EFB9 /* Release */,
			);
			defaultConfigurationIsVisible = 0;
			defaultConfigurationName = Release;
		};
		63A4AF681BCD787A00D7EFB9 /* Build configuration list for PBXNativeTarget "Quotamin" */ = {
			isa = XCConfigurationList;
			buildConfigurations = (
				63A4AF691BCD787A00D7EFB9 /* Debug */,
				63A4AF6A1BCD787A00D7EFB9 /* Release */,
			);
			defaultConfigurationIsVisible = 0;
			defaultConfigurationName = Release;
		};
		63A4AF6B1BCD787A00D7EFB9 /* Build configuration list for PBXNativeTarget "QuotaminTests" */ = {
			isa = XCConfigurationList;
			buildConfigurations = (
				63A4AF6C1BCD787A00D7EFB9 /* Debug */,
				63A4AF6D1BCD787A00D7EFB9 /* Release */,
			);
			defaultConfigurationIsVisible = 0;
			defaultConfigurationName = Release;
		};
		63A4AF6E1BCD787A00D7EFB9 /* Build configuration list for PBXNativeTarget "QuotaminUITests" */ = {
			isa = XCConfigurationList;
			buildConfigurations = (
				63A4AF6F1BCD787A00D7EFB9 /* Debug */,
				63A4AF701BCD787A00D7EFB9 /* Release */,
			);
			defaultConfigurationIsVisible = 0;
			defaultConfigurationName = Release;
		};
/* End XCConfigurationList section */
	};
	rootObject = 63A4AF361BCD787A00D7EFB9 /* Project object */;
}
